// !$*UTF8*$!
{
	archiveVersion = 1;
	classes = {
	};
	objectVersion = 77;
	objects = {

/* Begin PBXContainerItemProxy section */
		A6971DC22FBFC75C003549BD /* PBXContainerItemProxy */ = {
			isa = PBXContainerItemProxy;
			containerPortal = A6971DAC2FBFC75A003549BD /* Project object */;
			proxyType = 1;
			remoteGlobalIDString = A6971DB32FBFC75A003549BD;
			remoteInfo = "Bindu Feed";
		};
		A6971DCC2FBFC75C003549BD /* PBXContainerItemProxy */ = {
			isa = PBXContainerItemProxy;
			containerPortal = A6971DAC2FBFC75A003549BD /* Project object */;
			proxyType = 1;
			remoteGlobalIDString = A6971DB32FBFC75A003549BD;
			remoteInfo = "Bindu Feed";
		};
/* End PBXContainerItemProxy section */

/* Begin PBXFileReference section */
		A6971DB42FBFC75A003549BD /* Bindu Feed.app */ = {isa = PBXFileReference; explicitFileType = wrapper.application; includeInIndex = 0; path = "Bindu Feed.app"; sourceTree = BUILT_PRODUCTS_DIR; };
		A6971DC12FBFC75C003549BD /* Bindu FeedTests.xctest */ = {isa = PBXFileReference; explicitFileType = wrapper.cfbundle; includeInIndex = 0; path = "Bindu FeedTests.xctest"; sourceTree = BUILT_PRODUCTS_DIR; };
		A6971DCB2FBFC75C003549BD /* Bindu FeedUITests.xctest */ = {isa = PBXFileReference; explicitFileType = wrapper.cfbundle; includeInIndex = 0; path = "Bindu FeedUITests.xctest"; sourceTree = BUILT_PRODUCTS_DIR; };
/* End PBXFileReference section */

/* Begin PBXFileSystemSynchronizedRootGroup section */
		A6971DB62FBFC75A003549BD /* Bindu Feed */ = {
			isa = PBXFileSystemSynchronizedRootGroup;
			path = "Bindu Feed";
			sourceTree = "<group>";
		};
		A6971DC42FBFC75C003549BD /* Bindu FeedTests */ = {
			isa = PBXFileSystemSynchronizedRootGroup;
			path = "Bindu FeedTests";
			sourceTree = "<group>";
		};
		A6971DCE2FBFC75C003549BD /* Bindu FeedUITests */ = {
			isa = PBXFileSystemSynchronizedRootGroup;
			path = "Bindu FeedUITests";
			sourceTree = "<group>";
		};
/* End PBXFileSystemSynchronizedRootGroup section */

/* Begin PBXFrameworksBuildPhase section */
		A6971DB12FBFC75A003549BD /* Frameworks */ = {
			isa = PBXFrameworksBuildPhase;
			buildActionMask = 2147483647;
			files = (
			);
			runOnlyForDeploymentPostprocessing = 0;
		};
		A6971DBE2FBFC75C003549BD /* Frameworks */ = {
			isa = PBXFrameworksBuildPhase;
			buildActionMask = 2147483647;
			files = (
			);
			runOnlyForDeploymentPostprocessing = 0;
		};
		A6971DC82FBFC75C003549BD /* Frameworks */ = {
			isa = PBXFrameworksBuildPhase;
			buildActionMask = 2147483647;
			files = (
			);
			runOnlyForDeploymentPostprocessing = 0;
		};
/* End PBXFrameworksBuildPhase section */

/* Begin PBXGroup section */
		A6971DAB2FBFC75A003549BD = {
			isa = PBXGroup;
			children = (
				A6971DB62FBFC75A003549BD /* Bindu Feed */,
				A6971DC42FBFC75C003549BD /* Bindu FeedTests */,
				A6971DCE2FBFC75C003549BD /* Bindu FeedUITests */,
				A6971DB52FBFC75A003549BD /* Products */,
			);
			sourceTree = "<group>";
		};
		A6971DB52FBFC75A003549BD /* Products */ = {
			isa = PBXGroup;
			children = (
				A6971DB42FBFC75A003549BD /* Bindu Feed.app */,
				A6971DC12FBFC75C003549BD /* Bindu FeedTests.xctest */,
				A6971DCB2FBFC75C003549BD /* Bindu FeedUITests.xctest */,
			);
			name = Products;
			sourceTree = "<group>";
		};
/* End PBXGroup section */

/* Begin PBXNativeTarget section */
		A6971DB32FBFC75A003549BD /* Bindu Feed */ = {
			isa = PBXNativeTarget;
			buildConfigurationList = A6971DD52FBFC75C003549BD /* Build configuration list for PBXNativeTarget "Bindu Feed" */;
			buildPhases = (
				A6971DB02FBFC75A003549BD /* Sources */,
				A6971DB12FBFC75A003549BD /* Frameworks */,
				A6971DB22FBFC75A003549BD /* Resources */,
			);
			buildRules = (
			);
			dependencies = (
			);
			fileSystemSynchronizedGroups = (
				A6971DB62FBFC75A003549BD /* Bindu Feed */,
			);
			name = "Bindu Feed";
			packageProductDependencies = (
			);
			productName = "Bindu Feed";
			productReference = A6971DB42FBFC75A003549BD /* Bindu Feed.app */;
			productType = "com.apple.product-type.application";
		};
		A6971DC02FBFC75C003549BD /* Bindu FeedTests */ = {
			isa = PBXNativeTarget;
			buildConfigurationList = A6971DD82FBFC75C003549BD /* Build configuration list for PBXNativeTarget "Bindu FeedTests" */;
			buildPhases = (
				A6971DBD2FBFC75C003549BD /* Sources */,
				A6971DBE2FBFC75C003549BD /* Frameworks */,
				A6971DBF2FBFC75C003549BD /* Resources */,
			);
			buildRules = (
			);
			dependencies = (
				A6971DC32FBFC75C003549BD /* PBXTargetDependency */,
			);
			fileSystemSynchronizedGroups = (
				A6971DC42FBFC75C003549BD /* Bindu FeedTests */,
			);
			name = "Bindu FeedTests";
			packageProductDependencies = (
			);
			productName = "Bindu FeedTests";
			productReference = A6971DC12FBFC75C003549BD /* Bindu FeedTests.xctest */;
			productType = "com.apple.product-type.bundle.unit-test";
		};
		A6971DCA2FBFC75C003549BD /* Bindu FeedUITests */ = {
			isa = PBXNativeTarget;
			buildConfigurationList = A6971DDB2FBFC75C003549BD /* Build configuration list for PBXNativeTarget "Bindu FeedUITests" */;
			buildPhases = (
				A6971DC72FBFC75C003549BD /* Sources */,
				A6971DC82FBFC75C003549BD /* Frameworks */,
				A6971DC92FBFC75C003549BD /* Resources */,
			);
			buildRules = (
			);
			dependencies = (
				A6971DCD2FBFC75C003549BD /* PBXTargetDependency */,
			);
			fileSystemSynchronizedGroups = (
				A6971DCE2FBFC75C003549BD /* Bindu FeedUITests */,
			);
			name = "Bindu FeedUITests";
			packageProductDependencies = (
			);
			productName = "Bindu FeedUITests";
			productReference = A6971DCB2FBFC75C003549BD /* Bindu FeedUITests.xctest */;
			productType = "com.apple.product-type.bundle.ui-testing";
		};
/* End PBXNativeTarget section */

/* Begin PBXProject section */
		A6971DAC2FBFC75A003549BD /* Project object */ = {
			isa = PBXProject;
			attributes = {
				BuildIndependentTargetsInParallel = 1;
				LastSwiftUpdateCheck = 2650;
				LastUpgradeCheck = 2650;
				TargetAttributes = {
					A6971DB32FBFC75A003549BD = {
						CreatedOnToolsVersion = 26.5;
					};
					A6971DC02FBFC75C003549BD = {
						CreatedOnToolsVersion = 26.5;
						TestTargetID = A6971DB32FBFC75A003549BD;
					};
					A6971DCA2FBFC75C003549BD = {
						CreatedOnToolsVersion = 26.5;
						TestTargetID = A6971DB32FBFC75A003549BD;
					};
				};
			};
			buildConfigurationList = A6971DAF2FBFC75A003549BD /* Build configuration list for PBXProject "Bindu Feed" */;
			developmentRegion = en;
			hasScannedForEncodings = 0;
			knownRegions = (
				en,
				Base,
			);
			mainGroup = A6971DAB2FBFC75A003549BD;
			minimizedProjectReferenceProxies = 1;
			preferredProjectObjectVersion = 77;
			productRefGroup = A6971DB52FBFC75A003549BD /* Products */;
			projectDirPath = "";
			projectRoot = "";
			targets = (
				A6971DB32FBFC75A003549BD /* Bindu Feed */,
				A6971DC02FBFC75C003549BD /* Bindu FeedTests */,
				A6971DCA2FBFC75C003549BD /* Bindu FeedUITests */,
			);
		};
/* End PBXProject section */

/* Begin PBXResourcesBuildPhase section */
		A6971DB22FBFC75A003549BD /* Resources */ = {
			isa = PBXResourcesBuildPhase;
			buildActionMask = 2147483647;
			files = (
			);
			runOnlyForDeploymentPostprocessing = 0;
		};
		A6971DBF2FBFC75C003549BD /* Resources */ = {
			isa = PBXResourcesBuildPhase;
			buildActionMask = 2147483647;
			files = (
			);
			runOnlyForDeploymentPostprocessing = 0;
		};
		A6971DC92FBFC75C003549BD /* Resources */ = {
			isa = PBXResourcesBuildPhase;
			buildActionMask = 2147483647;
			files = (
			);
			runOnlyForDeploymentPostprocessing = 0;
		};
/* End PBXResourcesBuildPhase section */

/* Begin PBXSourcesBuildPhase section */
		A6971DB02FBFC75A003549BD /* Sources */ = {
			isa = PBXSourcesBuildPhase;
			buildActionMask = 2147483647;
			files = (
			);
			runOnlyForDeploymentPostprocessing = 0;
		};
		A6971DBD2FBFC75C003549BD /* Sources */ = {
			isa = PBXSourcesBuildPhase;
			buildActionMask = 2147483647;
			files = (
			);
			runOnlyForDeploymentPostprocessing = 0;
		};
		A6971DC72FBFC75C003549BD /* Sources */ = {
			isa = PBXSourcesBuildPhase;
			buildActionMask = 2147483647;
			files = (
			);
			runOnlyForDeploymentPostprocessing = 0;
		};
/* End PBXSourcesBuildPhase section */

/* Begin PBXTargetDependency section */
		A6971DC32FBFC75C003549BD /* PBXTargetDependency */ = {
			isa = PBXTargetDependency;
			target = A6971DB32FBFC75A003549BD /* Bindu Feed */;
			targetProxy = A6971DC22FBFC75C003549BD /* PBXContainerItemProxy */;
		};
		A6971DCD2FBFC75C003549BD /* PBXTargetDependency */ = {
			isa = PBXTargetDependency;
			target = A6971DB32FBFC75A003549BD /* Bindu Feed */;
			targetProxy = A6971DCC2FBFC75C003549BD /* PBXContainerItemProxy */;
		};
/* End PBXTargetDependency section */

/* Begin XCBuildConfiguration section */
		A6971DD32FBFC75C003549BD /* Debug */ = {
			isa = XCBuildConfiguration;
			buildSettings = {
				ALWAYS_SEARCH_USER_PATHS = NO;
				ASSETCATALOG_COMPILER_GENERATE_SWIFT_ASSET_SYMBOL_EXTENSIONS = YES;
				CLANG_ANALYZER_NONNULL = YES;
				CLANG_ANALYZER_NUMBER_OBJECT_CONVERSION = YES_AGGRESSIVE;
				CLANG_CXX_LANGUAGE_STANDARD = "gnu++20";
				CLANG_ENABLE_MODULES = YES;
				CLANG_ENABLE_OBJC_ARC = YES;
				CLANG_ENABLE_OBJC_WEAK = YES;
				CLANG_WARN_BLOCK_CAPTURE_AUTORELEASING = YES;
				CLANG_WARN_BOOL_CONVERSION = YES;
				CLANG_WARN_COMMA = YES;
				CLANG_WARN_CONSTANT_CONVERSION = YES;
				CLANG_WARN_DEPRECATED_OBJC_IMPLEMENTATIONS = YES;
				CLANG_WARN_DIRECT_OBJC_ISA_USAGE = YES_ERROR;
				CLANG_WARN_DOCUMENTATION_COMMENTS = YES;
				CLANG_WARN_EMPTY_BODY = YES;
				CLANG_WARN_ENUM_CONVERSION = YES;
				CLANG_WARN_INFINITE_RECURSION = YES;
				CLANG_WARN_INT_CONVERSION = YES;
				CLANG_WARN_NON_LITERAL_NULL_CONVERSION = YES;
				CLANG_WARN_OBJC_IMPLICIT_RETAIN_SELF = YES;
				CLANG_WARN_OBJC_LITERAL_CONVERSION = YES;
				CLANG_WARN_OBJC_ROOT_CLASS = YES_ERROR;
				CLANG_WARN_QUOTED_INCLUDE_IN_FRAMEWORK_HEADER = YES;
				CLANG_WARN_RANGE_LOOP_ANALYSIS = YES;
				CLANG_WARN_STRICT_PROTOTYPES = YES;
				CLANG_WARN_SUSPICIOUS_MOVE = YES;
				CLANG_WARN_UNGUARDED_AVAILABILITY = YES_AGGRESSIVE;
				CLANG_WARN_UNREACHABLE_CODE = YES;
				CLANG_WARN__DUPLICATE_METHOD_MATCH = YES;
				COPY_PHASE_STRIP = NO;
				DEBUG_INFORMATION_FORMAT = dwarf;
				DEVELOPMENT_TEAM = VADN2G8B83;
				ENABLE_STRICT_OBJC_MSGSEND = YES;
				ENABLE_TESTABILITY = YES;
				ENABLE_USER_SCRIPT_SANDBOXING = YES;
				GCC_C_LANGUAGE_STANDARD = gnu17;
				GCC_DYNAMIC_NO_PIC = NO;
				GCC_NO_COMMON_BLOCKS = YES;
				GCC_OPTIMIZATION_LEVEL = 0;
				GCC_PREPROCESSOR_DEFINITIONS = (
					"DEBUG=1",
					"$(inherited)",
				);
				GCC_WARN_64_TO_32_BIT_CONVERSION = YES;
				GCC_WARN_ABOUT_RETURN_TYPE = YES_ERROR;
				GCC_WARN_UNDECLARED_SELECTOR = YES;
				GCC_WARN_UNINITIALIZED_AUTOS = YES_AGGRESSIVE;
				GCC_WARN_UNUSED_FUNCTION = YES;
				GCC_WARN_UNUSED_VARIABLE = YES;
				LOCALIZATION_PREFERS_STRING_CATALOGS = YES;
				MTL_ENABLE_DEBUG_INFO = INCLUDE_SOURCE;
				MTL_FAST_MATH = YES;
				ONLY_ACTIVE_ARCH = YES;
				SWIFT_ACTIVE_COMPILATION_CONDITIONS = "DEBUG $(inherited)";
				SWIFT_OPTIMIZATION_LEVEL = "-Onone";
			};
			name = Debug;
		};
		A6971DD42FBFC75C003549BD /* Release */ = {
			isa = XCBuildConfiguration;
			buildSettings = {
				ALWAYS_SEARCH_USER_PATHS = NO;
				ASSETCATALOG_COMPILER_GENERATE_SWIFT_ASSET_SYMBOL_EXTENSIONS = YES;
				CLANG_ANALYZER_NONNULL = YES;
				CLANG_ANALYZER_NUMBER_OBJECT_CONVERSION = YES_AGGRESSIVE;
				CLANG_CXX_LANGUAGE_STANDARD = "gnu++20";
				CLANG_ENABLE_MODULES = YES;
				CLANG_ENABLE_OBJC_ARC = YES;
				CLANG_ENABLE_OBJC_WEAK = YES;
				CLANG_WARN_BLOCK_CAPTURE_AUTORELEASING = YES;
				CLANG_WARN_BOOL_CONVERSION = YES;
				CLANG_WARN_COMMA = YES;
				CLANG_WARN_CONSTANT_CONVERSION = YES;
				CLANG_WARN_DEPRECATED_OBJC_IMPLEMENTATIONS = YES;
				CLANG_WARN_DIRECT_OBJC_ISA_USAGE = YES_ERROR;
				CLANG_WARN_DOCUMENTATION_COMMENTS = YES;
				CLANG_WARN_EMPTY_BODY = YES;
				CLANG_WARN_ENUM_CONVERSION = YES;
				CLANG_WARN_INFINITE_RECURSION = YES;
				CLANG_WARN_INT_CONVERSION = YES;
				CLANG_WARN_NON_LITERAL_NULL_CONVERSION = YES;
				CLANG_WARN_OBJC_IMPLICIT_RETAIN_SELF = YES;
				CLANG_WARN_OBJC_LITERAL_CONVERSION = YES;
				CLANG_WARN_OBJC_ROOT_CLASS = YES_ERROR;
				CLANG_WARN_QUOTED_INCLUDE_IN_FRAMEWORK_HEADER = YES;
				CLANG_WARN_RANGE_LOOP_ANALYSIS = YES;
				CLANG_WARN_STRICT_PROTOTYPES = YES;
				CLANG_WARN_SUSPICIOUS_MOVE = YES;
				CLANG_WARN_UNGUARDED_AVAILABILITY = YES_AGGRESSIVE;
				CLANG_WARN_UNREACHABLE_CODE = YES;
				CLANG_WARN__DUPLICATE_METHOD_MATCH = YES;
				COPY_PHASE_STRIP = NO;
				DEBUG_INFORMATION_FORMAT = "dwarf-with-dsym";
				DEVELOPMENT_TEAM = VADN2G8B83;
				ENABLE_NS_ASSERTIONS = NO;
				ENABLE_STRICT_OBJC_MSGSEND = YES;
				ENABLE_USER_SCRIPT_SANDBOXING = YES;
				GCC_C_LANGUAGE_STANDARD = gnu17;
				GCC_NO_COMMON_BLOCKS = YES;
				GCC_WARN_64_TO_32_BIT_CONVERSION = YES;
				GCC_WARN_ABOUT_RETURN_TYPE = YES_ERROR;
				GCC_WARN_UNDECLARED_SELECTOR = YES;
				GCC_WARN_UNINITIALIZED_AUTOS = YES_AGGRESSIVE;
				GCC_WARN_UNUSED_FUNCTION = YES;
				GCC_WARN_UNUSED_VARIABLE = YES;
				LOCALIZATION_PREFERS_STRING_CATALOGS = YES;
				MTL_ENABLE_DEBUG_INFO = NO;
				MTL_FAST_MATH = YES;
				SWIFT_COMPILATION_MODE = wholemodule;
			};
			name = Release;
		};
		A6971DD62FBFC75C003549BD /* Debug */ = {
			isa = XCBuildConfiguration;
			buildSettings = {
				ASSETCATALOG_COMPILER_APPICON_NAME = AppIcon;
				ASSETCATALOG_COMPILER_GLOBAL_ACCENT_COLOR_NAME = AccentColor;
				CODE_SIGN_STYLE = Automatic;
				CURRENT_PROJECT_VERSION = 1;
				DEVELOPMENT_TEAM = VADN2G8B83;
				ENABLE_PREVIEWS = YES;
				GENERATE_INFOPLIST_FILE = NO;
				INFOPLIST_FILE = Info.plist;
				IPHONEOS_DEPLOYMENT_TARGET = 17.6;
				LD_RUNPATH_SEARCH_PATHS = "@executable_path/Frameworks";
				MARKETING_VERSION = 1.0;
				PRODUCT_BUNDLE_IDENTIFIER = "com.ashrey.bindufeed.Bindu-Feed";
				PRODUCT_NAME = "$(TARGET_NAME)";
				SDKROOT = iphoneos;
				STRING_CATALOG_GENERATE_SYMBOLS = YES;
				SUPPORTED_PLATFORMS = "iphoneos iphonesimulator";
				SWIFT_APPROACHABLE_CONCURRENCY = YES;
				SWIFT_DEFAULT_ACTOR_ISOLATION = MainActor;
				SWIFT_EMIT_LOC_STRINGS = YES;
				SWIFT_UPCOMING_FEATURE_MEMBER_IMPORT_VISIBILITY = YES;
				SWIFT_VERSION = 5.0;
				TARGETED_DEVICE_FAMILY = 1;
			};
			name = Debug;
		};
		A6971DD72FBFC75C003549BD /* Release */ = {
			isa = XCBuildConfiguration;
			buildSettings = {
				ASSETCATALOG_COMPILER_APPICON_NAME = AppIcon;
				ASSETCATALOG_COMPILER_GLOBAL_ACCENT_COLOR_NAME = AccentColor;
				CODE_SIGN_STYLE = Automatic;
				CURRENT_PROJECT_VERSION = 1;
				DEVELOPMENT_TEAM = VADN2G8B83;
				ENABLE_PREVIEWS = YES;
				GENERATE_INFOPLIST_FILE = NO;
				INFOPLIST_FILE = Info.plist;
				IPHONEOS_DEPLOYMENT_TARGET = 17.6;
				LD_RUNPATH_SEARCH_PATHS = "@executable_path/Frameworks";
				MARKETING_VERSION = 1.0;
				PRODUCT_BUNDLE_IDENTIFIER = "com.ashrey.bindufeed.Bindu-Feed";
				PRODUCT_NAME = "$(TARGET_NAME)";
				SDKROOT = iphoneos;
				STRING_CATALOG_GENERATE_SYMBOLS = YES;
				SUPPORTED_PLATFORMS = "iphoneos iphonesimulator";
				SWIFT_APPROACHABLE_CONCURRENCY = YES;
				SWIFT_DEFAULT_ACTOR_ISOLATION = MainActor;
				SWIFT_EMIT_LOC_STRINGS = YES;
				SWIFT_UPCOMING_FEATURE_MEMBER_IMPORT_VISIBILITY = YES;
				SWIFT_VERSION = 5.0;
				TARGETED_DEVICE_FAMILY = 1;
			};
			name = Release;
		};
		A6971DD92FBFC75C003549BD /* Debug */ = {
			isa = XCBuildConfiguration;
			buildSettings = {
				BUNDLE_LOADER = "$(TEST_HOST)";
				CODE_SIGN_STYLE = Automatic;
				CURRENT_PROJECT_VERSION = 1;
				DEVELOPMENT_TEAM = VADN2G8B83;
				GENERATE_INFOPLIST_FILE = YES;
				IPHONEOS_DEPLOYMENT_TARGET = 16.0;
				MARKETING_VERSION = 1.0;
				PRODUCT_BUNDLE_IDENTIFIER = "com.ashrey.bindufeed.Bindu-FeedTests";
				PRODUCT_NAME = "$(TARGET_NAME)";
				SDKROOT = iphoneos;
				STRING_CATALOG_GENERATE_SYMBOLS = NO;
				SUPPORTED_PLATFORMS = "iphoneos iphonesimulator";
				SWIFT_APPROACHABLE_CONCURRENCY = YES;
				SWIFT_EMIT_LOC_STRINGS = NO;
				SWIFT_UPCOMING_FEATURE_MEMBER_IMPORT_VISIBILITY = YES;
				SWIFT_VERSION = 5.0;
				TARGETED_DEVICE_FAMILY = 1;
				TEST_HOST = "$(BUILT_PRODUCTS_DIR)/Bindu Feed.app/$(BUNDLE_EXECUTABLE_FOLDER_PATH)/Bindu Feed";
			};
			name = Debug;
		};
		A6971DDA2FBFC75C003549BD /* Release */ = {
			isa = XCBuildConfiguration;
			buildSettings = {
				BUNDLE_LOADER = "$(TEST_HOST)";
				CODE_SIGN_STYLE = Automatic;
				CURRENT_PROJECT_VERSION = 1;
				DEVELOPMENT_TEAM = VADN2G8B83;
				GENERATE_INFOPLIST_FILE = YES;
				IPHONEOS_DEPLOYMENT_TARGET = 16.0;
				MARKETING_VERSION = 1.0;
				PRODUCT_BUNDLE_IDENTIFIER = "com.ashrey.bindufeed.Bindu-FeedTests";
				PRODUCT_NAME = "$(TARGET_NAME)";
				SDKROOT = iphoneos;
				STRING_CATALOG_GENERATE_SYMBOLS = NO;
				SUPPORTED_PLATFORMS = "iphoneos iphonesimulator";
				SWIFT_APPROACHABLE_CONCURRENCY = YES;
				SWIFT_EMIT_LOC_STRINGS = NO;
				SWIFT_UPCOMING_FEATURE_MEMBER_IMPORT_VISIBILITY = YES;
				SWIFT_VERSION = 5.0;
				TARGETED_DEVICE_FAMILY = 1;
				TEST_HOST = "$(BUILT_PRODUCTS_DIR)/Bindu Feed.app/$(BUNDLE_EXECUTABLE_FOLDER_PATH)/Bindu Feed";
			};
			name = Release;
		};
		A6971DDC2FBFC75C003549BD /* Debug */ = {
			isa = XCBuildConfiguration;
			buildSettings = {
				CODE_SIGN_STYLE = Automatic;
				CURRENT_PROJECT_VERSION = 1;
				DEVELOPMENT_TEAM = VADN2G8B83;
				GENERATE_INFOPLIST_FILE = YES;
				IPHONEOS_DEPLOYMENT_TARGET = 16.0;
				MARKETING_VERSION = 1.0;
				PRODUCT_BUNDLE_IDENTIFIER = "com.ashrey.bindufeed.Bindu-FeedUITests";
				PRODUCT_NAME = "$(TARGET_NAME)";
				SDKROOT = iphoneos;
				STRING_CATALOG_GENERATE_SYMBOLS = NO;
				SUPPORTED_PLATFORMS = "iphoneos iphonesimulator";
				SWIFT_APPROACHABLE_CONCURRENCY = YES;
				SWIFT_EMIT_LOC_STRINGS = NO;
				SWIFT_UPCOMING_FEATURE_MEMBER_IMPORT_VISIBILITY = YES;
				SWIFT_VERSION = 5.0;
				TARGETED_DEVICE_FAMILY = 1;
				TEST_TARGET_NAME = "Bindu Feed";
			};
			name = Debug;
		};
		A6971DDD2FBFC75C003549BD /* Release */ = {
			isa = XCBuildConfiguration;
			buildSettings = {
				CODE_SIGN_STYLE = Automatic;
				CURRENT_PROJECT_VERSION = 1;
				DEVELOPMENT_TEAM = VADN2G8B83;
				GENERATE_INFOPLIST_FILE = YES;
				IPHONEOS_DEPLOYMENT_TARGET = 16.0;
				MARKETING_VERSION = 1.0;
				PRODUCT_BUNDLE_IDENTIFIER = "com.ashrey.bindufeed.Bindu-FeedUITests";
				PRODUCT_NAME = "$(TARGET_NAME)";
				SDKROOT = iphoneos;
				STRING_CATALOG_GENERATE_SYMBOLS = NO;
				SUPPORTED_PLATFORMS = "iphoneos iphonesimulator";
				SWIFT_APPROACHABLE_CONCURRENCY = YES;
				SWIFT_EMIT_LOC_STRINGS = NO;
				SWIFT_UPCOMING_FEATURE_MEMBER_IMPORT_VISIBILITY = YES;
				SWIFT_VERSION = 5.0;
				TARGETED_DEVICE_FAMILY = 1;
				TEST_TARGET_NAME = "Bindu Feed";
			};
			name = Release;
		};
/* End XCBuildConfiguration section */

/* Begin XCConfigurationList section */
		A6971DAF2FBFC75A003549BD /* Build configuration list for PBXProject "Bindu Feed" */ = {
			isa = XCConfigurationList;
			buildConfigurations = (
				A6971DD32FBFC75C003549BD /* Debug */,
				A6971DD42FBFC75C003549BD /* Release */,
			);
			defaultConfigurationIsVisible = 0;
			defaultConfigurationName = Release;
		};
		A6971DD52FBFC75C003549BD /* Build configuration list for PBXNativeTarget "Bindu Feed" */ = {
			isa = XCConfigurationList;
			buildConfigurations = (
				A6971DD62FBFC75C003549BD /* Debug */,
				A6971DD72FBFC75C003549BD /* Release */,
			);
			defaultConfigurationIsVisible = 0;
			defaultConfigurationName = Release;
		};
		A6971DD82FBFC75C003549BD /* Build configuration list for PBXNativeTarget "Bindu FeedTests" */ = {
			isa = XCConfigurationList;
			buildConfigurations = (
				A6971DD92FBFC75C003549BD /* Debug */,
				A6971DDA2FBFC75C003549BD /* Release */,
			);
			defaultConfigurationIsVisible = 0;
			defaultConfigurationName = Release;
		};
		A6971DDB2FBFC75C003549BD /* Build configuration list for PBXNativeTarget "Bindu FeedUITests" */ = {
			isa = XCConfigurationList;
			buildConfigurations = (
				A6971DDC2FBFC75C003549BD /* Debug */,
				A6971DDD2FBFC75C003549BD /* Release */,
			);
			defaultConfigurationIsVisible = 0;
			defaultConfigurationName = Release;
		};
/* End XCConfigurationList section */
	};
	rootObject = A6971DAC2FBFC75A003549BD /* Project object */;
}
